
Microsoft Visual Studio Solution File, Format Version 12.00
# Visual Studio Version 16
VisualStudioVersion = 16.0.30330.147
MinimumVisualStudioVersion = 10.0.40219.1
Project("{8BC9CEB8-8B4A-11D0-8D11-00A0C91BC942}") = "LearnBase1", "LearnOpenGL\LearnOpenGL.vcxproj", "{F6D88960-83A7-475C-8BCC-779855FE42FC}"
EndProject
Project("{8BC9CEB8-8B4A-11D0-8D11-00A0C91BC942}") = "LearnBase2", "LearnBase2\LearnBase2.vcxproj", "{86C90FA0-1F72-4A20-BC71-3F1B07FB347C}"
EndProject
Project("{8BC9CEB8-8B4A-11D0-8D11-00A0C91BC942}") = "LearnBase3", "LearnBase3\LearnBase3.vcxproj", "{7A28461E-040E-4935-A52B-A504A562668E}"
EndProject
Project("{8BC9CEB8-8B4A-11D0-8D11-00A0C91BC942}") = "TextureTest", "TextureTest\TextureTest.vcxproj", "{31C9C191-C90C-4807-809D-A3744B987472}"
EndProject
Project("{8BC9CEB8-8B4A-11D0-8D11-00A0C91BC942}") = "TransitionTest", "TransitionTest\TransitionTest.vcxproj", "{61CCBE88-62A1-4181-81F0-186C060E0DE7}"
EndProject
Project("{8BC9CEB8-8B4A-11D0-8D11-00A0C91BC942}") = "Illumination", "Illumination\Illumination.vcxproj", "{259DE542-B90F-4F75-8D02-52F7109DFF90}"
EndProject
Project("{8BC9CEB8-8B4A-11D0-8D11-00A0C91BC942}") = "Material", "Material\Material.vcxproj", "{F7B8C8F0-F4C9-432D-A519-4C386263F50C}"
EndProject
Project("{8BC9CEB8-8B4A-11D0-8D11-00A0C91BC942}") = "LightMapping", "LightMapping\LightMapping.vcxproj", "{326D06E6-8DE4-456E-AFDB-964E435497E2}"
EndProject
Project("{8BC9CEB8-8B4A-11D0-8D11-00A0C91BC942}") = "Mesh", "Mesh\Mesh.vcxproj", "{34C414C7-97D0-4E6B-95FB-93EF0B18D67D}"
EndProject
Project("{8BC9CEB8-8B4A-11D0-8D11-00A0C91BC942}") = "StencilTesting", "StencilTesting\StencilTesting.vcxproj", "{AC33FC5C-1A12-4816-BCF1-70D83D492CC7}"
EndProject
Project("{8BC9CEB8-8B4A-11D0-8D11-00A0C91BC942}") = "FrameBuffer", "FrameBuffer\FrameBuffer.vcxproj", "{3413A00B-8674-44BC-B7D6-75359BCD2245}"
EndProject
Project("{8BC9CEB8-8B4A-11D0-8D11-00A0C91BC942}") = "CubeMap", "CubeMap\CubeMap.vcxproj", "{5608B39F-6AFB-49EC-B751-89D0D726F33A}"
EndProject
Project("{8BC9CEB8-8B4A-11D0-8D11-00A0C91BC942}") = "AdvancedData", "AdvancedData\AdvancedData.vcxproj", "{A7CCE470-69A3-47CE-B4F1-7FF601333FE5}"
EndProject
Project("{8BC9CEB8-8B4A-11D0-8D11-00A0C91BC942}") = "Geometry", "Geometry\Geometry.vcxproj", "{D2A869DB-D006-4358-BA90-21BE185BC122}"
EndProject
Project("{8BC9CEB8-8B4A-11D0-8D11-00A0C91BC942}") = "ShadowMappingTest", "ShadowMappingTest\ShadowMappingTest.vcxproj", "{C921B005-2C02-4498-A046-FD1EC5227C7B}"
EndProject
Project("{8BC9CEB8-8B4A-11D0-8D11-00A0C91BC942}") = "Shadow", "Shadow\Shadow.vcxproj", "{495EAC32-C565-4B99-AE46-9AB8CCC2254E}"
EndProject
Global
	GlobalSection(SolutionConfigurationPlatforms) = preSolution
		Debug|Any CPU = Debug|Any CPU
		Debug|x64 = Debug|x64
		Debug|x86 = Debug|x86
		Release|Any CPU = Release|Any CPU
		Release|x64 = Release|x64
		Release|x86 = Release|x86
	EndGlobalSection
	GlobalSection(ProjectConfigurationPlatforms) = postSolution
		{F6D88960-83A7-475C-8BCC-779855FE42FC}.Debug|Any CPU.ActiveCfg = Debug|Win32
		{F6D88960-83A7-475C-8BCC-779855FE42FC}.Debug|x64.ActiveCfg = Debug|x64
		{F6D88960-83A7-475C-8BCC-779855FE42FC}.Debug|x64.Build.0 = Debug|x64
		{F6D88960-83A7-475C-8BCC-779855FE42FC}.Debug|x86.ActiveCfg = Debug|Win32
		{F6D88960-83A7-475C-8BCC-779855FE42FC}.Debug|x86.Build.0 = Debug|Win32
		{F6D88960-83A7-475C-8BCC-779855FE42FC}.Release|Any CPU.ActiveCfg = Release|Win32
		{F6D88960-83A7-475C-8BCC-779855FE42FC}.Release|x64.ActiveCfg = Release|x64
		{F6D88960-83A7-475C-8BCC-779855FE42FC}.Release|x64.Build.0 = Release|x64
		{F6D88960-83A7-475C-8BCC-779855FE42FC}.Release|x86.ActiveCfg = Release|Win32
		{F6D88960-83A7-475C-8BCC-779855FE42FC}.Release|x86.Build.0 = Release|Win32
		{86C90FA0-1F72-4A20-BC71-3F1B07FB347C}.Debug|Any CPU.ActiveCfg = Debug|Win32
		{86C90FA0-1F72-4A20-BC71-3F1B07FB347C}.Debug|x64.ActiveCfg = Debug|x64
		{86C90FA0-1F72-4A20-BC71-3F1B07FB347C}.Debug|x64.Build.0 = Debug|x64
		{86C90FA0-1F72-4A20-BC71-3F1B07FB347C}.Debug|x86.ActiveCfg = Debug|Win32
		{86C90FA0-1F72-4A20-BC71-3F1B07FB347C}.Debug|x86.Build.0 = Debug|Win32
		{86C90FA0-1F72-4A20-BC71-3F1B07FB347C}.Release|Any CPU.ActiveCfg = Release|Win32
		{86C90FA0-1F72-4A20-BC71-3F1B07FB347C}.Release|x64.ActiveCfg = Release|x64
		{86C90FA0-1F72-4A20-BC71-3F1B07FB347C}.Release|x64.Build.0 = Release|x64
		{86C90FA0-1F72-4A20-BC71-3F1B07FB347C}.Release|x86.ActiveCfg = Release|Win32
		{86C90FA0-1F72-4A20-BC71-3F1B07FB347C}.Release|x86.Build.0 = Release|Win32
		{7A28461E-040E-4935-A52B-A504A562668E}.Debug|Any CPU.ActiveCfg = Debug|Win32
		{7A28461E-040E-4935-A52B-A504A562668E}.Debug|x64.ActiveCfg = Debug|x64
		{7A28461E-040E-4935-A52B-A504A562668E}.Debug|x64.Build.0 = Debug|x64
		{7A28461E-040E-4935-A52B-A504A562668E}.Debug|x86.ActiveCfg = Debug|Win32
		{7A28461E-040E-4935-A52B-A504A562668E}.Debug|x86.Build.0 = Debug|Win32
		{7A28461E-040E-4935-A52B-A504A562668E}.Release|Any CPU.ActiveCfg = Release|Win32
		{7A28461E-040E-4935-A52B-A504A562668E}.Release|x64.ActiveCfg = Release|x64
		{7A28461E-040E-4935-A52B-A504A562668E}.Release|x64.Build.0 = Release|x64
		{7A28461E-040E-4935-A52B-A504A562668E}.Release|x86.ActiveCfg = Release|Win32
		{7A28461E-040E-4935-A52B-A504A562668E}.Release|x86.Build.0 = Release|Win32
		{31C9C191-C90C-4807-809D-A3744B987472}.Debug|Any CPU.ActiveCfg = Debug|Win32
		{31C9C191-C90C-4807-809D-A3744B987472}.Debug|x64.ActiveCfg = Debug|x64
		{31C9C191-C90C-4807-809D-A3744B987472}.Debug|x64.Build.0 = Debug|x64
		{31C9C191-C90C-4807-809D-A3744B987472}.Debug|x86.ActiveCfg = Debug|Win32
		{31C9C191-C90C-4807-809D-A3744B987472}.Debug|x86.Build.0 = Debug|Win32
		{31C9C191-C90C-4807-809D-A3744B987472}.Release|Any CPU.ActiveCfg = Release|Win32
		{31C9C191-C90C-4807-809D-A3744B987472}.Release|x64.ActiveCfg = Release|x64
		{31C9C191-C90C-4807-809D-A3744B987472}.Release|x64.Build.0 = Release|x64
		{31C9C191-C90C-4807-809D-A3744B987472}.Release|x86.ActiveCfg = Release|Win32
		{31C9C191-C90C-4807-809D-A3744B987472}.Release|x86.Build.0 = Release|Win32
		{61CCBE88-62A1-4181-81F0-186C060E0DE7}.Debug|Any CPU.ActiveCfg = Debug|Win32
		{61CCBE88-62A1-4181-81F0-186C060E0DE7}.Debug|x64.ActiveCfg = Debug|x64
		{61CCBE88-62A1-4181-81F0-186C060E0DE7}.Debug|x64.Build.0 = Debug|x64
		{61CCBE88-62A1-4181-81F0-186C060E0DE7}.Debug|x86.ActiveCfg = Debug|Win32
		{61CCBE88-62A1-4181-81F0-186C060E0DE7}.Debug|x86.Build.0 = Debug|Win32
		{61CCBE88-62A1-4181-81F0-186C060E0DE7}.Release|Any CPU.ActiveCfg = Release|Win32
		{61CCBE88-62A1-4181-81F0-186C060E0DE7}.Release|x64.ActiveCfg = Release|x64
		{61CCBE88-62A1-4181-81F0-186C060E0DE7}.Release|x64.Build.0 = Release|x64
		{61CCBE88-62A1-4181-81F0-186C060E0DE7}.Release|x86.ActiveCfg = Release|Win32
		{61CCBE88-62A1-4181-81F0-186C060E0DE7}.Release|x86.Build.0 = Release|Win32
		{259DE542-B90F-4F75-8D02-52F7109DFF90}.Debug|Any CPU.ActiveCfg = Debug|Win32
		{259DE542-B90F-4F75-8D02-52F7109DFF90}.Debug|x64.ActiveCfg = Debug|x64
		{259DE542-B90F-4F75-8D02-52F7109DFF90}.Debug|x64.Build.0 = Debug|x64
		{259DE542-B90F-4F75-8D02-52F7109DFF90}.Debug|x86.ActiveCfg = Debug|Win32
		{259DE542-B90F-4F75-8D02-52F7109DFF90}.Debug|x86.Build.0 = Debug|Win32
		{259DE542-B90F-4F75-8D02-52F7109DFF90}.Release|Any CPU.ActiveCfg = Release|Win32
		{259DE542-B90F-4F75-8D02-52F7109DFF90}.Release|x64.ActiveCfg = Release|x64
		{259DE542-B90F-4F75-8D02-52F7109DFF90}.Release|x64.Build.0 = Release|x64
		{259DE542-B90F-4F75-8D02-52F7109DFF90}.Release|x86.ActiveCfg = Release|Win32
		{259DE542-B90F-4F75-8D02-52F7109DFF90}.Release|x86.Build.0 = Release|Win32
		{F7B8C8F0-F4C9-432D-A519-4C386263F50C}.Debug|Any CPU.ActiveCfg = Debug|Win32
		{F7B8C8F0-F4C9-432D-A519-4C386263F50C}.Debug|x64.ActiveCfg = Debug|x64
		{F7B8C8F0-F4C9-432D-A519-4C386263F50C}.Debug|x64.Build.0 = Debug|x64
		{F7B8C8F0-F4C9-432D-A519-4C386263F50C}.Debug|x86.ActiveCfg = Debug|Win32
		{F7B8C8F0-F4C9-432D-A519-4C386263F50C}.Debug|x86.Build.0 = Debug|Win32
		{F7B8C8F0-F4C9-432D-A519-4C386263F50C}.Release|Any CPU.ActiveCfg = Release|Win32
		{F7B8C8F0-F4C9-432D-A519-4C386263F50C}.Release|x64.ActiveCfg = Release|x64
		{F7B8C8F0-F4C9-432D-A519-4C386263F50C}.Release|x64.Build.0 = Release|x64
		{F7B8C8F0-F4C9-432D-A519-4C386263F50C}.Release|x86.ActiveCfg = Release|Win32
		{F7B8C8F0-F4C9-432D-A519-4C386263F50C}.Release|x86.Build.0 = Release|Win32
		{326D06E6-8DE4-456E-AFDB-964E435497E2}.Debug|Any CPU.ActiveCfg = Debug|Win32
		{326D06E6-8DE4-456E-AFDB-964E435497E2}.Debug|x64.ActiveCfg = Debug|x64
		{326D06E6-8DE4-456E-AFDB-964E435497E2}.Debug|x64.Build.0 = Debug|x64
		{326D06E6-8DE4-456E-AFDB-964E435497E2}.Debug|x86.ActiveCfg = Debug|Win32
		{326D06E6-8DE4-456E-AFDB-964E435497E2}.Debug|x86.Build.0 = Debug|Win32
		{326D06E6-8DE4-456E-AFDB-964E435497E2}.Release|Any CPU.ActiveCfg = Release|Win32
		{326D06E6-8DE4-456E-AFDB-964E435497E2}.Release|x64.ActiveCfg = Release|x64
		{326D06E6-8DE4-456E-AFDB-964E435497E2}.Release|x64.Build.0 = Release|x64
		{326D06E6-8DE4-456E-AFDB-964E435497E2}.Release|x86.ActiveCfg = Release|Win32
		{326D06E6-8DE4-456E-AFDB-964E435497E2}.Release|x86.Build.0 = Release|Win32
		{34C414C7-97D0-4E6B-95FB-93EF0B18D67D}.Debug|Any CPU.ActiveCfg = Debug|Win32
		{34C414C7-97D0-4E6B-95FB-93EF0B18D67D}.Debug|x64.ActiveCfg = Debug|x64
		{34C414C7-97D0-4E6B-95FB-93EF0B18D67D}.Debug|x64.Build.0 = Debug|x64
		{34C414C7-97D0-4E6B-95FB-93EF0B18D67D}.Debug|x86.ActiveCfg = Debug|Win32
		{34C414C7-97D0-4E6B-95FB-93EF0B18D67D}.Debug|x86.Build.0 = Debug|Win32
		{34C414C7-97D0-4E6B-95FB-93EF0B18D67D}.Release|Any CPU.ActiveCfg = Release|Win32
		{34C414C7-97D0-4E6B-95FB-93EF0B18D67D}.Release|x64.ActiveCfg = Release|x64
		{34C414C7-97D0-4E6B-95FB-93EF0B18D67D}.Release|x64.Build.0 = Release|x64
		{34C414C7-97D0-4E6B-95FB-93EF0B18D67D}.Release|x86.ActiveCfg = Release|Win32
		{34C414C7-97D0-4E6B-95FB-93EF0B18D67D}.Release|x86.Build.0 = Release|Win32
		{AC33FC5C-1A12-4816-BCF1-70D83D492CC7}.Debug|Any CPU.ActiveCfg = Debug|Win32
		{AC33FC5C-1A12-4816-BCF1-70D83D492CC7}.Debug|x64.ActiveCfg = Debug|x64
		{AC33FC5C-1A12-4816-BCF1-70D83D492CC7}.Debug|x64.Build.0 = Debug|x64
		{AC33FC5C-1A12-4816-BCF1-70D83D492CC7}.Debug|x86.ActiveCfg = Debug|Win32
		{AC33FC5C-1A12-4816-BCF1-70D83D492CC7}.Debug|x86.Build.0 = Debug|Win32
		{AC33FC5C-1A12-4816-BCF1-70D83D492CC7}.Release|Any CPU.ActiveCfg = Release|Win32
		{AC33FC5C-1A12-4816-BCF1-70D83D492CC7}.Release|x64.ActiveCfg = Release|x64
		{AC33FC5C-1A12-4816-BCF1-70D83D492CC7}.Release|x64.Build.0 = Release|x64
		{AC33FC5C-1A12-4816-BCF1-70D83D492CC7}.Release|x86.ActiveCfg = Release|Win32
		{AC33FC5C-1A12-4816-BCF1-70D83D492CC7}.Release|x86.Build.0 = Release|Win32
		{3413A00B-8674-44BC-B7D6-75359BCD2245}.Debug|Any CPU.ActiveCfg = Debug|Win32
		{3413A00B-8674-44BC-B7D6-75359BCD2245}.Debug|x64.ActiveCfg = Debug|x64
		{3413A00B-8674-44BC-B7D6-75359BCD2245}.Debug|x64.Build.0 = Debug|x64
		{3413A00B-8674-44BC-B7D6-75359BCD2245}.Debug|x86.ActiveCfg = Debug|Win32
		{3413A00B-8674-44BC-B7D6-75359BCD2245}.Debug|x86.Build.0 = Debug|Win32
		{3413A00B-8674-44BC-B7D6-75359BCD2245}.Release|Any CPU.ActiveCfg = Release|Win32
		{3413A00B-8674-44BC-B7D6-75359BCD2245}.Release|x64.ActiveCfg = Release|x64
		{3413A00B-8674-44BC-B7D6-75359BCD2245}.Release|x64.Build.0 = Release|x64
		{3413A00B-8674-44BC-B7D6-75359BCD2245}.Release|x86.ActiveCfg = Release|Win32
		{3413A00B-8674-44BC-B7D6-75359BCD2245}.Release|x86.Build.0 = Release|Win32
		{5608B39F-6AFB-49EC-B751-89D0D726F33A}.Debug|Any CPU.ActiveCfg = Debug|Win32
		{5608B39F-6AFB-49EC-B751-89D0D726F33A}.Debug|x64.ActiveCfg = Debug|x64
		{5608B39F-6AFB-49EC-B751-89D0D726F33A}.Debug|x64.Build.0 = Debug|x64
		{5608B39F-6AFB-49EC-B751-89D0D726F33A}.Debug|x86.ActiveCfg = Debug|Win32
		{5608B39F-6AFB-49EC-B751-89D0D726F33A}.Debug|x86.Build.0 = Debug|Win32
		{5608B39F-6AFB-49EC-B751-89D0D726F33A}.Release|Any CPU.ActiveCfg = Release|Win32
		{5608B39F-6AFB-49EC-B751-89D0D726F33A}.Release|x64.ActiveCfg = Release|x64
		{5608B39F-6AFB-49EC-B751-89D0D726F33A}.Release|x64.Build.0 = Release|x64
		{5608B39F-6AFB-49EC-B751-89D0D726F33A}.Release|x86.ActiveCfg = Release|Win32
		{5608B39F-6AFB-49EC-B751-89D0D726F33A}.Release|x86.Build.0 = Release|Win32
		{A7CCE470-69A3-47CE-B4F1-7FF601333FE5}.Debug|Any CPU.ActiveCfg = Debug|Win32
		{A7CCE470-69A3-47CE-B4F1-7FF601333FE5}.Debug|x64.ActiveCfg = Debug|x64
		{A7CCE470-69A3-47CE-B4F1-7FF601333FE5}.Debug|x64.Build.0 = Debug|x64
		{A7CCE470-69A3-47CE-B4F1-7FF601333FE5}.Debug|x86.ActiveCfg = Debug|Win32
		{A7CCE470-69A3-47CE-B4F1-7FF601333FE5}.Debug|x86.Build.0 = Debug|Win32
		{A7CCE470-69A3-47CE-B4F1-7FF601333FE5}.Release|Any CPU.ActiveCfg = Release|Win32
		{A7CCE470-69A3-47CE-B4F1-7FF601333FE5}.Release|x64.ActiveCfg = Release|x64
		{A7CCE470-69A3-47CE-B4F1-7FF601333FE5}.Release|x64.Build.0 = Release|x64
		{A7CCE470-69A3-47CE-B4F1-7FF601333FE5}.Release|x86.ActiveCfg = Release|Win32
		{A7CCE470-69A3-47CE-B4F1-7FF601333FE5}.Release|x86.Build.0 = Release|Win32
		{D2A869DB-D006-4358-BA90-21BE185BC122}.Debug|Any CPU.ActiveCfg = Debug|Win32
		{D2A869DB-D006-4358-BA90-21BE185BC122}.Debug|x64.ActiveCfg = Debug|x64
		{D2A869DB-D006-4358-BA90-21BE185BC122}.Debug|x64.Build.0 = Debug|x64
		{D2A869DB-D006-4358-BA90-21BE185BC122}.Debug|x86.ActiveCfg = Debug|Win32
		{D2A869DB-D006-4358-BA90-21BE185BC122}.Debug|x86.Build.0 = Debug|Win32
		{D2A869DB-D006-4358-BA90-21BE185BC122}.Release|Any CPU.ActiveCfg = Release|Win32
		{D2A869DB-D006-4358-BA90-21BE185BC122}.Release|x64.ActiveCfg = Release|x64
		{D2A869DB-D006-4358-BA90-21BE185BC122}.Release|x64.Build.0 = Release|x64
		{D2A869DB-D006-4358-BA90-21BE185BC122}.Release|x86.ActiveCfg = Release|Win32
		{D2A869DB-D006-4358-BA90-21BE185BC122}.Release|x86.Build.0 = Release|Win32
		{C921B005-2C02-4498-A046-FD1EC5227C7B}.Debug|Any CPU.ActiveCfg = Debug|Win32
		{C921B005-2C02-4498-A046-FD1EC5227C7B}.Debug|x64.ActiveCfg = Debug|x64
		{C921B005-2C02-4498-A046-FD1EC5227C7B}.Debug|x64.Build.0 = Debug|x64
		{C921B005-2C02-4498-A046-FD1EC5227C7B}.Debug|x86.ActiveCfg = Debug|Win32
		{C921B005-2C02-4498-A046-FD1EC5227C7B}.Debug|x86.Build.0 = Debug|Win32
		{C921B005-2C02-4498-A046-FD1EC5227C7B}.Release|Any CPU.ActiveCfg = Release|Win32
		{C921B005-2C02-4498-A046-FD1EC5227C7B}.Release|x64.ActiveCfg = Release|x64
		{C921B005-2C02-4498-A046-FD1EC5227C7B}.Release|x64.Build.0 = Release|x64
		{C921B005-2C02-4498-A046-FD1EC5227C7B}.Release|x86.ActiveCfg = Release|Win32
		{C921B005-2C02-4498-A046-FD1EC5227C7B}.Release|x86.Build.0 = Release|Win32
		{495EAC32-C565-4B99-AE46-9AB8CCC2254E}.Debug|Any CPU.ActiveCfg = Debug|Win32
		{495EAC32-C565-4B99-AE46-9AB8CCC2254E}.Debug|x64.ActiveCfg = Debug|x64
		{495EAC32-C565-4B99-AE46-9AB8CCC2254E}.Debug|x64.Build.0 = Debug|x64
		{495EAC32-C565-4B99-AE46-9AB8CCC2254E}.Debug|x86.ActiveCfg = Debug|Win32
		{495EAC32-C565-4B99-AE46-9AB8CCC2254E}.Debug|x86.Build.0 = Debug|Win32
		{495EAC32-C565-4B99-AE46-9AB8CCC2254E}.Release|Any CPU.ActiveCfg = Release|Win32
		{495EAC32-C565-4B99-AE46-9AB8CCC2254E}.Release|x64.ActiveCfg = Release|x64
		{495EAC32-C565-4B99-AE46-9AB8CCC2254E}.Release|x64.Build.0 = Release|x64
		{495EAC32-C565-4B99-AE46-9AB8CCC2254E}.Release|x86.ActiveCfg = Release|Win32
		{495EAC32-C565-4B99-AE46-9AB8CCC2254E}.Release|x86.Build.0 = Release|Win32
	EndGlobalSection
	GlobalSection(SolutionProperties) = preSolution
		HideSolutionNode = FALSE
	EndGlobalSection
	GlobalSection(ExtensibilityGlobals) = postSolution
		SolutionGuid = {D51B6B96-FAA4-4442-A2B5-68B36E429A94}
	EndGlobalSection
EndGlobal
